// !$*UTF8*$!
{
	archiveVersion = 1;
	classes = {
	};
	objectVersion = 56;
	objects = {

/* Begin PBXBuildFile section */
		AE0D3DD12A124D7E00E0F63B /* AppDelegate.swift in Sources */ = {isa = PBXBuildFile; fileRef = AE0D3DD02A124D7E00E0F63B /* AppDelegate.swift */; };
		AE0D3DD32A124D7E00E0F63B /* SceneDelegate.swift in Sources */ = {isa = PBXBuildFile; fileRef = AE0D3DD22A124D7E00E0F63B /* SceneDelegate.swift */; };
		AE0D3DD82A124D7E00E0F63B /* Main.storyboard in Resources */ = {isa = PBXBuildFile; fileRef = AE0D3DD62A124D7E00E0F63B /* Main.storyboard */; };
		AE0D3DDA2A124D7F00E0F63B /* Assets.xcassets in Resources */ = {isa = PBXBuildFile; fileRef = AE0D3DD92A124D7F00E0F63B /* Assets.xcassets */; };
		AE0D3DDD2A124D7F00E0F63B /* LaunchScreen.storyboard in Resources */ = {isa = PBXBuildFile; fileRef = AE0D3DDB2A124D7F00E0F63B /* LaunchScreen.storyboard */; };
		AE0D3DEA2A125A7900E0F63B /* OnboardingViewController.swift in Sources */ = {isa = PBXBuildFile; fileRef = AE0D3DE92A125A7900E0F63B /* OnboardingViewController.swift */; };
		AE0D3DED2A125E8600E0F63B /* UIView+Extension.swift in Sources */ = {isa = PBXBuildFile; fileRef = AE0D3DEC2A125E8600E0F63B /* UIView+Extension.swift */; };
		AE0D3DEF2A12601D00E0F63B /* OnboardingSlide.swift in Sources */ = {isa = PBXBuildFile; fileRef = AE0D3DEE2A12601D00E0F63B /* OnboardingSlide.swift */; };
		AE0D3DF12A12631200E0F63B /* OnboardingCollectionViewCell.swift in Sources */ = {isa = PBXBuildFile; fileRef = AE0D3DF02A12631200E0F63B /* OnboardingCollectionViewCell.swift */; };
		AE0E3A902A1E2EB00031C4E9 /* DishDetailViewController.swift in Sources */ = {isa = PBXBuildFile; fileRef = AE0E3A8F2A1E2EB00031C4E9 /* DishDetailViewController.swift */; };
		AE0E3A922A1E56610031C4E9 /* UIViewController+Extension.swift in Sources */ = {isa = PBXBuildFile; fileRef = AE0E3A912A1E56610031C4E9 /* UIViewController+Extension.swift */; };
		AE1DD7272A20B74500E7D356 /* ListOrdersViewController.swift in Sources */ = {isa = PBXBuildFile; fileRef = AE1DD7262A20B74500E7D356 /* ListOrdersViewController.swift */; };
		AE1DD7292A20B98C00E7D356 /* Order.swift in Sources */ = {isa = PBXBuildFile; fileRef = AE1DD7282A20B98C00E7D356 /* Order.swift */; };
		AE20E2382A252D0500421D2B /* AppError.swift in Sources */ = {isa = PBXBuildFile; fileRef = AE20E2372A252D0500421D2B /* AppError.swift */; };
		AE317A392A14F50400AB9915 /* Kingfisher in Frameworks */ = {isa = PBXBuildFile; productRef = AE317A382A14F50400AB9915 /* Kingfisher */; };
		AE317A3B2A14F57000AB9915 /* String+Extension.swift in Sources */ = {isa = PBXBuildFile; fileRef = AE317A3A2A14F57000AB9915 /* String+Extension.swift */; };
		AE33514C2A236EBD007D87DF /* NetworkService.swift in Sources */ = {isa = PBXBuildFile; fileRef = AE33514B2A236EBD007D87DF /* NetworkService.swift */; };
		AE33514E2A236F94007D87DF /* Route.swift in Sources */ = {isa = PBXBuildFile; fileRef = AE33514D2A236F94007D87DF /* Route.swift */; };
		AE3351502A23707F007D87DF /* Method.swift in Sources */ = {isa = PBXBuildFile; fileRef = AE33514F2A23707F007D87DF /* Method.swift */; };
		AE5374AC2A13A0A4005CAFBE /* CategoryCollectionViewCell.swift in Sources */ = {isa = PBXBuildFile; fileRef = AE5374AA2A13A0A4005CAFBE /* CategoryCollectionViewCell.swift */; };
		AE5374AD2A13A0A4005CAFBE /* CategoryCollectionViewCell.xib in Resources */ = {isa = PBXBuildFile; fileRef = AE5374AB2A13A0A4005CAFBE /* CategoryCollectionViewCell.xib */; };
		AE5374AF2A13A2AC005CAFBE /* DishCategory.swift in Sources */ = {isa = PBXBuildFile; fileRef = AE5374AE2A13A2AC005CAFBE /* DishCategory.swift */; };
		AE77C79E2A18A5CA005D0DB6 /* CardView.swift in Sources */ = {isa = PBXBuildFile; fileRef = AE77C79D2A18A5CA005D0DB6 /* CardView.swift */; };
		AE77C7A22A18AE22005D0DB6 /* DishPortraitCollectionViewCell.swift in Sources */ = {isa = PBXBuildFile; fileRef = AE77C7A02A18AE22005D0DB6 /* DishPortraitCollectionViewCell.swift */; };
		AE77C7A32A18AE22005D0DB6 /* DishPortraitCollectionViewCell.xib in Resources */ = {isa = PBXBuildFile; fileRef = AE77C7A12A18AE22005D0DB6 /* DishPortraitCollectionViewCell.xib */; };
		AE77C7A52A18B172005D0DB6 /* Dish.swift in Sources */ = {isa = PBXBuildFile; fileRef = AE77C7A42A18B172005D0DB6 /* Dish.swift */; };
		AED2944C2A1BF07E0099C493 /* DishLandscapeCollectionViewCell.swift in Sources */ = {isa = PBXBuildFile; fileRef = AED2944A2A1BF07E0099C493 /* DishLandscapeCollectionViewCell.swift */; };
		AED2944D2A1BF07E0099C493 /* DishLandscapeCollectionViewCell.xib in Resources */ = {isa = PBXBuildFile; fileRef = AED2944B2A1BF07E0099C493 /* DishLandscapeCollectionViewCell.xib */; };
		AEF020632A1FEDF5007A59C5 /* DishListTableViewCell.swift in Sources */ = {isa = PBXBuildFile; fileRef = AEF020612A1FEDF5007A59C5 /* DishListTableViewCell.swift */; };
		AEF020642A1FEDF5007A59C5 /* DishListTableViewCell.xib in Resources */ = {isa = PBXBuildFile; fileRef = AEF020622A1FEDF5007A59C5 /* DishListTableViewCell.xib */; };
		AEF020672A1FFDA0007A59C5 /* ListDishesViewController.swift in Sources */ = {isa = PBXBuildFile; fileRef = AEF020662A1FFDA0007A59C5 /* ListDishesViewController.swift */; };
		AEFEF4D02A136767005C8A66 /* HomeViewController.swift in Sources */ = {isa = PBXBuildFile; fileRef = AEFEF4CF2A136767005C8A66 /* HomeViewController.swift */; };
/* End PBXBuildFile section */

/* Begin PBXFileReference section */
		AE0D3DCD2A124D7E00E0F63B /* FoodOrderingApp.app */ = {isa = PBXFileReference; explicitFileType = wrapper.application; includeInIndex = 0; path = FoodOrderingApp.app; sourceTree = BUILT_PRODUCTS_DIR; };
		AE0D3DD02A124D7E00E0F63B /* AppDelegate.swift */ = {isa = PBXFileReference; lastKnownFileType = sourcecode.swift; path = AppDelegate.swift; sourceTree = "<group>"; };
		AE0D3DD22A124D7E00E0F63B /* SceneDelegate.swift */ = {isa = PBXFileReference; lastKnownFileType = sourcecode.swift; path = SceneDelegate.swift; sourceTree = "<group>"; };
		AE0D3DD72A124D7E00E0F63B /* Base */ = {isa = PBXFileReference; lastKnownFileType = file.storyboard; name = Base; path = Base.lproj/Main.storyboard; sourceTree = "<group>"; };
		AE0D3DD92A124D7F00E0F63B /* Assets.xcassets */ = {isa = PBXFileReference; lastKnownFileType = folder.assetcatalog; path = Assets.xcassets; sourceTree = "<group>"; };
		AE0D3DDC2A124D7F00E0F63B /* Base */ = {isa = PBXFileReference; lastKnownFileType = file.storyboard; name = Base; path = Base.lproj/LaunchScreen.storyboard; sourceTree = "<group>"; };
		AE0D3DDE2A124D7F00E0F63B /* Info.plist */ = {isa = PBXFileReference; lastKnownFileType = text.plist.xml; path = Info.plist; sourceTree = "<group>"; };
		AE0D3DE92A125A7900E0F63B /* OnboardingViewController.swift */ = {isa = PBXFileReference; lastKnownFileType = sourcecode.swift; path = OnboardingViewController.swift; sourceTree = "<group>"; };
		AE0D3DEC2A125E8600E0F63B /* UIView+Extension.swift */ = {isa = PBXFileReference; lastKnownFileType = sourcecode.swift; path = "UIView+Extension.swift"; sourceTree = "<group>"; };
		AE0D3DEE2A12601D00E0F63B /* OnboardingSlide.swift */ = {isa = PBXFileReference; lastKnownFileType = sourcecode.swift; path = OnboardingSlide.swift; sourceTree = "<group>"; };
		AE0D3DF02A12631200E0F63B /* OnboardingCollectionViewCell.swift */ = {isa = PBXFileReference; lastKnownFileType = sourcecode.swift; path = OnboardingCollectionViewCell.swift; sourceTree = "<group>"; };
		AE0E3A8F2A1E2EB00031C4E9 /* DishDetailViewController.swift */ = {isa = PBXFileReference; lastKnownFileType = sourcecode.swift; path = DishDetailViewController.swift; sourceTree = "<group>"; };
		AE0E3A912A1E56610031C4E9 /* UIViewController+Extension.swift */ = {isa = PBXFileReference; lastKnownFileType = sourcecode.swift; path = "UIViewController+Extension.swift"; sourceTree = "<group>"; };
		AE1DD7262A20B74500E7D356 /* ListOrdersViewController.swift */ = {isa = PBXFileReference; lastKnownFileType = sourcecode.swift; path = ListOrdersViewController.swift; sourceTree = "<group>"; };
		AE1DD7282A20B98C00E7D356 /* Order.swift */ = {isa = PBXFileReference; lastKnownFileType = sourcecode.swift; path = Order.swift; sourceTree = "<group>"; };
		AE20E2372A252D0500421D2B /* AppError.swift */ = {isa = PBXFileReference; lastKnownFileType = sourcecode.swift; path = AppError.swift; sourceTree = "<group>"; };
		AE317A3A2A14F57000AB9915 /* String+Extension.swift */ = {isa = PBXFileReference; lastKnownFileType = sourcecode.swift; path = "String+Extension.swift"; sourceTree = "<group>"; };
		AE33514B2A236EBD007D87DF /* NetworkService.swift */ = {isa = PBXFileReference; lastKnownFileType = sourcecode.swift; path = NetworkService.swift; sourceTree = "<group>"; };
		AE33514D2A236F94007D87DF /* Route.swift */ = {isa = PBXFileReference; lastKnownFileType = sourcecode.swift; path = Route.swift; sourceTree = "<group>"; };
		AE33514F2A23707F007D87DF /* Method.swift */ = {isa = PBXFileReference; lastKnownFileType = sourcecode.swift; path = Method.swift; sourceTree = "<group>"; };
		AE5374AA2A13A0A4005CAFBE /* CategoryCollectionViewCell.swift */ = {isa = PBXFileReference; lastKnownFileType = sourcecode.swift; path = CategoryCollectionViewCell.swift; sourceTree = "<group>"; };
		AE5374AB2A13A0A4005CAFBE /* CategoryCollectionViewCell.xib */ = {isa = PBXFileReference; lastKnownFileType = file.xib; path = CategoryCollectionViewCell.xib; sourceTree = "<group>"; };
		AE5374AE2A13A2AC005CAFBE /* DishCategory.swift */ = {isa = PBXFileReference; lastKnownFileType = sourcecode.swift; path = DishCategory.swift; sourceTree = "<group>"; };
		AE77C79D2A18A5CA005D0DB6 /* CardView.swift */ = {isa = PBXFileReference; lastKnownFileType = sourcecode.swift; path = CardView.swift; sourceTree = "<group>"; };
		AE77C7A02A18AE22005D0DB6 /* DishPortraitCollectionViewCell.swift */ = {isa = PBXFileReference; lastKnownFileType = sourcecode.swift; path = DishPortraitCollectionViewCell.swift; sourceTree = "<group>"; };
		AE77C7A12A18AE22005D0DB6 /* DishPortraitCollectionViewCell.xib */ = {isa = PBXFileReference; lastKnownFileType = file.xib; path = DishPortraitCollectionViewCell.xib; sourceTree = "<group>"; };
		AE77C7A42A18B172005D0DB6 /* Dish.swift */ = {isa = PBXFileReference; lastKnownFileType = sourcecode.swift; path = Dish.swift; sourceTree = "<group>"; };
		AED2944A2A1BF07E0099C493 /* DishLandscapeCollectionViewCell.swift */ = {isa = PBXFileReference; lastKnownFileType = sourcecode.swift; path = DishLandscapeCollectionViewCell.swift; sourceTree = "<group>"; };
		AED2944B2A1BF07E0099C493 /* DishLandscapeCollectionViewCell.xib */ = {isa = PBXFileReference; lastKnownFileType = file.xib; path = DishLandscapeCollectionViewCell.xib; sourceTree = "<group>"; };
		AEF020612A1FEDF5007A59C5 /* DishListTableViewCell.swift */ = {isa = PBXFileReference; lastKnownFileType = sourcecode.swift; path = DishListTableViewCell.swift; sourceTree = "<group>"; };
		AEF020622A1FEDF5007A59C5 /* DishListTableViewCell.xib */ = {isa = PBXFileReference; lastKnownFileType = file.xib; path = DishListTableViewCell.xib; sourceTree = "<group>"; };
		AEF020662A1FFDA0007A59C5 /* ListDishesViewController.swift */ = {isa = PBXFileReference; lastKnownFileType = sourcecode.swift; path = ListDishesViewController.swift; sourceTree = "<group>"; };
		AEFEF4CF2A136767005C8A66 /* HomeViewController.swift */ = {isa = PBXFileReference; lastKnownFileType = sourcecode.swift; path = HomeViewController.swift; sourceTree = "<group>"; };
/* End PBXFileReference section */

/* Begin PBXFrameworksBuildPhase section */
		AE0D3DCA2A124D7E00E0F63B /* Frameworks */ = {
			isa = PBXFrameworksBuildPhase;
			buildActionMask = 2147483647;
			files = (
				AE317A392A14F50400AB9915 /* Kingfisher in Frameworks */,
			);
			runOnlyForDeploymentPostprocessing = 0;
		};
/* End PBXFrameworksBuildPhase section */

/* Begin PBXGroup section */
		AE0D3DC42A124D7E00E0F63B = {
			isa = PBXGroup;
			children = (
				AE0D3DCF2A124D7E00E0F63B /* FoodOrderingApp */,
				AE0D3DCE2A124D7E00E0F63B /* Products */,
			);
			sourceTree = "<group>";
		};
		AE0D3DCE2A124D7E00E0F63B /* Products */ = {
			isa = PBXGroup;
			children = (
				AE0D3DCD2A124D7E00E0F63B /* FoodOrderingApp.app */,
			);
			name = Products;
			sourceTree = "<group>";
		};
		AE0D3DCF2A124D7E00E0F63B /* FoodOrderingApp */ = {
			isa = PBXGroup;
			children = (
				AE33514A2A236EA7007D87DF /* Networking */,
				AE0D3DEB2A125E5A00E0F63B /* Extensions */,
				AE0D3DE72A125A2C00E0F63B /* CustomViews */,
				AE0D3DE62A125A2500E0F63B /* Views */,
				AE0D3DE52A125A1E00E0F63B /* Models */,
				AE0D3DE42A12557B00E0F63B /* Delegate */,
				AE77C7A62A193A61005D0DB6 /* Support */,
				AE0D3DDE2A124D7F00E0F63B /* Info.plist */,
			);
			path = FoodOrderingApp;
			sourceTree = "<group>";
		};
		AE0D3DE42A12557B00E0F63B /* Delegate */ = {
			isa = PBXGroup;
			children = (
				AE0D3DD22A124D7E00E0F63B /* SceneDelegate.swift */,
				AE0D3DD02A124D7E00E0F63B /* AppDelegate.swift */,
			);
			path = Delegate;
			sourceTree = "<group>";
		};
		AE0D3DE52A125A1E00E0F63B /* Models */ = {
			isa = PBXGroup;
			children = (
				AE0D3DEE2A12601D00E0F63B /* OnboardingSlide.swift */,
				AE5374AE2A13A2AC005CAFBE /* DishCategory.swift */,
				AE77C7A42A18B172005D0DB6 /* Dish.swift */,
				AE1DD7282A20B98C00E7D356 /* Order.swift */,
			);
			path = Models;
			sourceTree = "<group>";
		};
		AE0D3DE62A125A2500E0F63B /* Views */ = {
			isa = PBXGroup;
			children = (
				AE1DD7252A20B71300E7D356 /* ListOrders */,
				AEF020652A1FFD79007A59C5 /* ListDishes */,
				AE0E3A8E2A1E2E1A0031C4E9 /* DishDetail */,
				AEFEF4CE2A136744005C8A66 /* Home */,
				AE0D3DE82A125A4E00E0F63B /* Onboarding */,
			);
			path = Views;
			sourceTree = "<group>";
		};
		AE0D3DE72A125A2C00E0F63B /* CustomViews */ = {
			isa = PBXGroup;
			children = (
				AEF0205F2A1FED75007A59C5 /* TableViewCells */,
				AE77C79C2A18A599005D0DB6 /* CardView */,
				AE5374A62A13A035005CAFBE /* CollectionViewCells */,
			);
			path = CustomViews;
			sourceTree = "<group>";
		};
		AE0D3DE82A125A4E00E0F63B /* Onboarding */ = {
			isa = PBXGroup;
			children = (
				AE0D3DE92A125A7900E0F63B /* OnboardingViewController.swift */,
				AE0D3DF02A12631200E0F63B /* OnboardingCollectionViewCell.swift */,
			);
			path = Onboarding;
			sourceTree = "<group>";
		};
		AE0D3DEB2A125E5A00E0F63B /* Extensions */ = {
			isa = PBXGroup;
			children = (
				AE0D3DEC2A125E8600E0F63B /* UIView+Extension.swift */,
				AE317A3A2A14F57000AB9915 /* String+Extension.swift */,
				AE0E3A912A1E56610031C4E9 /* UIViewController+Extension.swift */,
			);
			path = Extensions;
			sourceTree = "<group>";
		};
		AE0E3A8E2A1E2E1A0031C4E9 /* DishDetail */ = {
			isa = PBXGroup;
			children = (
				AE0E3A8F2A1E2EB00031C4E9 /* DishDetailViewController.swift */,
			);
			path = DishDetail;
			sourceTree = "<group>";
		};
		AE1DD7252A20B71300E7D356 /* ListOrders */ = {
			isa = PBXGroup;
			children = (
				AE1DD7262A20B74500E7D356 /* ListOrdersViewController.swift */,
			);
			path = ListOrders;
			sourceTree = "<group>";
		};
		AE33514A2A236EA7007D87DF /* Networking */ = {
			isa = PBXGroup;
			children = (
				AE33514B2A236EBD007D87DF /* NetworkService.swift */,
				AE33514D2A236F94007D87DF /* Route.swift */,
				AE33514F2A23707F007D87DF /* Method.swift */,
				AE20E2372A252D0500421D2B /* AppError.swift */,
			);
			path = Networking;
			sourceTree = "<group>";
		};
		AE5374A62A13A035005CAFBE /* CollectionViewCells */ = {
			isa = PBXGroup;
			children = (
				AED294492A1BF04D0099C493 /* DishLandscapeCollectionViewCell */,
				AE77C79F2A18ADE9005D0DB6 /* DishPortraitCollectionViewCell */,
				AE5374A72A13A047005CAFBE /* CategoryCollectionViewCell */,
			);
			path = CollectionViewCells;
			sourceTree = "<group>";
		};
		AE5374A72A13A047005CAFBE /* CategoryCollectionViewCell */ = {
			isa = PBXGroup;
			children = (
				AE5374AA2A13A0A4005CAFBE /* CategoryCollectionViewCell.swift */,
				AE5374AB2A13A0A4005CAFBE /* CategoryCollectionViewCell.xib */,
			);
			path = CategoryCollectionViewCell;
			sourceTree = "<group>";
		};
		AE77C79C2A18A599005D0DB6 /* CardView */ = {
			isa = PBXGroup;
			children = (
				AE77C79D2A18A5CA005D0DB6 /* CardView.swift */,
			);
			path = CardView;
			sourceTree = "<group>";
		};
		AE77C79F2A18ADE9005D0DB6 /* DishPortraitCollectionViewCell */ = {
			isa = PBXGroup;
			children = (
				AE77C7A02A18AE22005D0DB6 /* DishPortraitCollectionViewCell.swift */,
				AE77C7A12A18AE22005D0DB6 /* DishPortraitCollectionViewCell.xib */,
			);
			path = DishPortraitCollectionViewCell;
			sourceTree = "<group>";
		};
		AE77C7A62A193A61005D0DB6 /* Support */ = {
			isa = PBXGroup;
			children = (
				AE0D3DD62A124D7E00E0F63B /* Main.storyboard */,
				AE0D3DD92A124D7F00E0F63B /* Assets.xcassets */,
				AE0D3DDB2A124D7F00E0F63B /* LaunchScreen.storyboard */,
			);
			path = Support;
			sourceTree = "<group>";
		};
		AED294492A1BF04D0099C493 /* DishLandscapeCollectionViewCell */ = {
			isa = PBXGroup;
			children = (
				AED2944A2A1BF07E0099C493 /* DishLandscapeCollectionViewCell.swift */,
				AED2944B2A1BF07E0099C493 /* DishLandscapeCollectionViewCell.xib */,
			);
			path = DishLandscapeCollectionViewCell;
			sourceTree = "<group>";
		};
		AEF0205F2A1FED75007A59C5 /* TableViewCells */ = {
			isa = PBXGroup;
			children = (
				AEF020602A1FED99007A59C5 /* DishListTableViewCell */,
			);
			path = TableViewCells;
			sourceTree = "<group>";
		};
		AEF020602A1FED99007A59C5 /* DishListTableViewCell */ = {
			isa = PBXGroup;
			children = (
				AEF020612A1FEDF5007A59C5 /* DishListTableViewCell.swift */,
				AEF020622A1FEDF5007A59C5 /* DishListTableViewCell.xib */,
			);
			path = DishListTableViewCell;
			sourceTree = "<group>";
		};
		AEF020652A1FFD79007A59C5 /* ListDishes */ = {
			isa = PBXGroup;
			children = (
				AEF020662A1FFDA0007A59C5 /* ListDishesViewController.swift */,
			);
			path = ListDishes;
			sourceTree = "<group>";
		};
		AEFEF4CE2A136744005C8A66 /* Home */ = {
			isa = PBXGroup;
			children = (
				AEFEF4CF2A136767005C8A66 /* HomeViewController.swift */,
			);
			path = Home;
			sourceTree = "<group>";
		};
/* End PBXGroup section */

/* Begin PBXNativeTarget section */
		AE0D3DCC2A124D7E00E0F63B /* FoodOrderingApp */ = {
			isa = PBXNativeTarget;
			buildConfigurationList = AE0D3DE12A124D7F00E0F63B /* Build configuration list for PBXNativeTarget "FoodOrderingApp" */;
			buildPhases = (
				AE0D3DC92A124D7E00E0F63B /* Sources */,
				AE0D3DCA2A124D7E00E0F63B /* Frameworks */,
				AE0D3DCB2A124D7E00E0F63B /* Resources */,
			);
			buildRules = (
			);
			dependencies = (
			);
			name = FoodOrderingApp;
			packageProductDependencies = (
				AE317A382A14F50400AB9915 /* Kingfisher */,
			);
			productName = FoodOrderingApp;
			productReference = AE0D3DCD2A124D7E00E0F63B /* FoodOrderingApp.app */;
			productType = "com.apple.product-type.application";
		};
/* End PBXNativeTarget section */

/* Begin PBXProject section */
		AE0D3DC52A124D7E00E0F63B /* Project object */ = {
			isa = PBXProject;
			attributes = {
				BuildIndependentTargetsInParallel = 1;
				LastSwiftUpdateCheck = 1430;
				LastUpgradeCheck = 1430;
				TargetAttributes = {
					AE0D3DCC2A124D7E00E0F63B = {
						CreatedOnToolsVersion = 14.3;
					};
				};
			};
			buildConfigurationList = AE0D3DC82A124D7E00E0F63B /* Build configuration list for PBXProject "FoodOrderingApp" */;
			compatibilityVersion = "Xcode 14.0";
			developmentRegion = en;
			hasScannedForEncodings = 0;
			knownRegions = (
				en,
				Base,
			);
			mainGroup = AE0D3DC42A124D7E00E0F63B;
			packageReferences = (
				AE317A372A14F50400AB9915 /* XCRemoteSwiftPackageReference "Kingfisher" */,
			);
			productRefGroup = AE0D3DCE2A124D7E00E0F63B /* Products */;
			projectDirPath = "";
			projectRoot = "";
			targets = (
				AE0D3DCC2A124D7E00E0F63B /* FoodOrderingApp */,
			);
		};
/* End PBXProject section */

/* Begin PBXResourcesBuildPhase section */
		AE0D3DCB2A124D7E00E0F63B /* Resources */ = {
			isa = PBXResourcesBuildPhase;
			buildActionMask = 2147483647;
			files = (
				AE5374AD2A13A0A4005CAFBE /* CategoryCollectionViewCell.xib in Resources */,
				AEF020642A1FEDF5007A59C5 /* DishListTableViewCell.xib in Resources */,
				AE0D3DDD2A124D7F00E0F63B /* LaunchScreen.storyboard in Resources */,
				AE77C7A32A18AE22005D0DB6 /* DishPortraitCollectionViewCell.xib in Resources */,
				AE0D3DDA2A124D7F00E0F63B /* Assets.xcassets in Resources */,
				AED2944D2A1BF07E0099C493 /* DishLandscapeCollectionViewCell.xib in Resources */,
				AE0D3DD82A124D7E00E0F63B /* Main.storyboard in Resources */,
			);
			runOnlyForDeploymentPostprocessing = 0;
		};
/* End PBXResourcesBuildPhase section */

/* Begin PBXSourcesBuildPhase section */
		AE0D3DC92A124D7E00E0F63B /* Sources */ = {
			isa = PBXSourcesBuildPhase;
			buildActionMask = 2147483647;
			files = (
				AEF020632A1FEDF5007A59C5 /* DishListTableViewCell.swift in Sources */,
				AE1DD7272A20B74500E7D356 /* ListOrdersViewController.swift in Sources */,
				AE1DD7292A20B98C00E7D356 /* Order.swift in Sources */,
				AE0E3A922A1E56610031C4E9 /* UIViewController+Extension.swift in Sources */,
				AE5374AC2A13A0A4005CAFBE /* CategoryCollectionViewCell.swift in Sources */,
				AE0D3DEF2A12601D00E0F63B /* OnboardingSlide.swift in Sources */,
				AE0D3DD12A124D7E00E0F63B /* AppDelegate.swift in Sources */,
				AE0D3DD32A124D7E00E0F63B /* SceneDelegate.swift in Sources */,
				AE3351502A23707F007D87DF /* Method.swift in Sources */,
				AE0D3DED2A125E8600E0F63B /* UIView+Extension.swift in Sources */,
				AE0D3DEA2A125A7900E0F63B /* OnboardingViewController.swift in Sources */,
				AE0E3A902A1E2EB00031C4E9 /* DishDetailViewController.swift in Sources */,
				AEFEF4D02A136767005C8A66 /* HomeViewController.swift in Sources */,
				AE5374AF2A13A2AC005CAFBE /* DishCategory.swift in Sources */,
				AE33514E2A236F94007D87DF /* Route.swift in Sources */,
				AE33514C2A236EBD007D87DF /* NetworkService.swift in Sources */,
				AED2944C2A1BF07E0099C493 /* DishLandscapeCollectionViewCell.swift in Sources */,
				AE317A3B2A14F57000AB9915 /* String+Extension.swift in Sources */,
				AE77C79E2A18A5CA005D0DB6 /* CardView.swift in Sources */,
				AEF020672A1FFDA0007A59C5 /* ListDishesViewController.swift in Sources */,
				AE20E2382A252D0500421D2B /* AppError.swift in Sources */,
				AE0D3DF12A12631200E0F63B /* OnboardingCollectionViewCell.swift in Sources */,
				AE77C7A52A18B172005D0DB6 /* Dish.swift in Sources */,
				AE77C7A22A18AE22005D0DB6 /* DishPortraitCollectionViewCell.swift in Sources */,
			);
			runOnlyForDeploymentPostprocessing = 0;
		};
/* End PBXSourcesBuildPhase section */

/* Begin PBXVariantGroup section */
		AE0D3DD62A124D7E00E0F63B /* Main.storyboard */ = {
			isa = PBXVariantGroup;
			children = (
				AE0D3DD72A124D7E00E0F63B /* Base */,
			);
			name = Main.storyboard;
			sourceTree = "<group>";
		};
		AE0D3DDB2A124D7F00E0F63B /* LaunchScreen.storyboard */ = {
			isa = PBXVariantGroup;
			children = (
				AE0D3DDC2A124D7F00E0F63B /* Base */,
			);
			name = LaunchScreen.storyboard;
			sourceTree = "<group>";
		};
/* End PBXVariantGroup section */

/* Begin XCBuildConfiguration section */
		AE0D3DDF2A124D7F00E0F63B /* Debug */ = {
			isa = XCBuildConfiguration;
			buildSettings = {
				ALWAYS_SEARCH_USER_PATHS = NO;
				CLANG_ANALYZER_NONNULL = YES;
				CLANG_ANALYZER_NUMBER_OBJECT_CONVERSION = YES_AGGRESSIVE;
				CLANG_CXX_LANGUAGE_STANDARD = "gnu++20";
				CLANG_ENABLE_MODULES = YES;
				CLANG_ENABLE_OBJC_ARC = YES;
				CLANG_ENABLE_OBJC_WEAK = YES;
				CLANG_WARN_BLOCK_CAPTURE_AUTORELEASING = YES;
				CLANG_WARN_BOOL_CONVERSION = YES;
				CLANG_WARN_COMMA = YES;
				CLANG_WARN_CONSTANT_CONVERSION = YES;
				CLANG_WARN_DEPRECATED_OBJC_IMPLEMENTATIONS = YES;
				CLANG_WARN_DIRECT_OBJC_ISA_USAGE = YES_ERROR;
				CLANG_WARN_DOCUMENTATION_COMMENTS = YES;
				CLANG_WARN_EMPTY_BODY = YES;
				CLANG_WARN_ENUM_CONVERSION = YES;
				CLANG_WARN_INFINITE_RECURSION = YES;
				CLANG_WARN_INT_CONVERSION = YES;
				CLANG_WARN_NON_LITERAL_NULL_CONVERSION = YES;
				CLANG_WARN_OBJC_IMPLICIT_RETAIN_SELF = YES;
				CLANG_WARN_OBJC_LITERAL_CONVERSION = YES;
				CLANG_WARN_OBJC_ROOT_CLASS = YES_ERROR;
				CLANG_WARN_QUOTED_INCLUDE_IN_FRAMEWORK_HEADER = YES;
				CLANG_WARN_RANGE_LOOP_ANALYSIS = YES;
				CLANG_WARN_STRICT_PROTOTYPES = YES;
				CLANG_WARN_SUSPICIOUS_MOVE = YES;
				CLANG_WARN_UNGUARDED_AVAILABILITY = YES_AGGRESSIVE;
				CLANG_WARN_UNREACHABLE_CODE = YES;
				CLANG_WARN__DUPLICATE_METHOD_MATCH = YES;
				COPY_PHASE_STRIP = NO;
				DEBUG_INFORMATION_FORMAT = dwarf;
				ENABLE_STRICT_OBJC_MSGSEND = YES;
				ENABLE_TESTABILITY = YES;
				GCC_C_LANGUAGE_STANDARD = gnu11;
				GCC_DYNAMIC_NO_PIC = NO;
				GCC_NO_COMMON_BLOCKS = YES;
				GCC_OPTIMIZATION_LEVEL = 0;
				GCC_PREPROCESSOR_DEFINITIONS = (
					"DEBUG=1",
					"$(inherited)",
				);
				GCC_WARN_64_TO_32_BIT_CONVERSION = YES;
				GCC_WARN_ABOUT_RETURN_TYPE = YES_ERROR;
				GCC_WARN_UNDECLARED_SELECTOR = YES;
				GCC_WARN_UNINITIALIZED_AUTOS = YES_AGGRESSIVE;
				GCC_WARN_UNUSED_FUNCTION = YES;
				GCC_WARN_UNUSED_VARIABLE = YES;
				IPHONEOS_DEPLOYMENT_TARGET = 16.4;
				MTL_ENABLE_DEBUG_INFO = INCLUDE_SOURCE;
				MTL_FAST_MATH = YES;
				ONLY_ACTIVE_ARCH = YES;
				SDKROOT = iphoneos;
				SWIFT_ACTIVE_COMPILATION_CONDITIONS = DEBUG;
				SWIFT_OPTIMIZATION_LEVEL = "-Onone";
			};
			name = Debug;
		};
		AE0D3DE02A124D7F00E0F63B /* Release */ = {
			isa = XCBuildConfiguration;
			buildSettings = {
				ALWAYS_SEARCH_USER_PATHS = NO;
				CLANG_ANALYZER_NONNULL = YES;
				CLANG_ANALYZER_NUMBER_OBJECT_CONVERSION = YES_AGGRESSIVE;
				CLANG_CXX_LANGUAGE_STANDARD = "gnu++20";
				CLANG_ENABLE_MODULES = YES;
				CLANG_ENABLE_OBJC_ARC = YES;
				CLANG_ENABLE_OBJC_WEAK = YES;
				CLANG_WARN_BLOCK_CAPTURE_AUTORELEASING = YES;
				CLANG_WARN_BOOL_CONVERSION = YES;
				CLANG_WARN_COMMA = YES;
				CLANG_WARN_CONSTANT_CONVERSION = YES;
				CLANG_WARN_DEPRECATED_OBJC_IMPLEMENTATIONS = YES;
				CLANG_WARN_DIRECT_OBJC_ISA_USAGE = YES_ERROR;
				CLANG_WARN_DOCUMENTATION_COMMENTS = YES;
				CLANG_WARN_EMPTY_BODY = YES;
				CLANG_WARN_ENUM_CONVERSION = YES;
				CLANG_WARN_INFINITE_RECURSION = YES;
				CLANG_WARN_INT_CONVERSION = YES;
				CLANG_WARN_NON_LITERAL_NULL_CONVERSION = YES;
				CLANG_WARN_OBJC_IMPLICIT_RETAIN_SELF = YES;
				CLANG_WARN_OBJC_LITERAL_CONVERSION = YES;
				CLANG_WARN_OBJC_ROOT_CLASS = YES_ERROR;
				CLANG_WARN_QUOTED_INCLUDE_IN_FRAMEWORK_HEADER = YES;
				CLANG_WARN_RANGE_LOOP_ANALYSIS = YES;
				CLANG_WARN_STRICT_PROTOTYPES = YES;
				CLANG_WARN_SUSPICIOUS_MOVE = YES;
				CLANG_WARN_UNGUARDED_AVAILABILITY = YES_AGGRESSIVE;
				CLANG_WARN_UNREACHABLE_CODE = YES;
				CLANG_WARN__DUPLICATE_METHOD_MATCH = YES;
				COPY_PHASE_STRIP = NO;
				DEBUG_INFORMATION_FORMAT = "dwarf-with-dsym";
				ENABLE_NS_ASSERTIONS = NO;
				ENABLE_STRICT_OBJC_MSGSEND = YES;
				GCC_C_LANGUAGE_STANDARD = gnu11;
				GCC_NO_COMMON_BLOCKS = YES;
				GCC_WARN_64_TO_32_BIT_CONVERSION = YES;
				GCC_WARN_ABOUT_RETURN_TYPE = YES_ERROR;
				GCC_WARN_UNDECLARED_SELECTOR = YES;
				GCC_WARN_UNINITIALIZED_AUTOS = YES_AGGRESSIVE;
				GCC_WARN_UNUSED_FUNCTION = YES;
				GCC_WARN_UNUSED_VARIABLE = YES;
				IPHONEOS_DEPLOYMENT_TARGET = 16.4;
				MTL_ENABLE_DEBUG_INFO = NO;
				MTL_FAST_MATH = YES;
				SDKROOT = iphoneos;
				SWIFT_COMPILATION_MODE = wholemodule;
				SWIFT_OPTIMIZATION_LEVEL = "-O";
				VALIDATE_PRODUCT = YES;
			};
			name = Release;
		};
		AE0D3DE22A124D7F00E0F63B /* Debug */ = {
			isa = XCBuildConfiguration;
			buildSettings = {
				ASSETCATALOG_COMPILER_APPICON_NAME = AppIcon;
				ASSETCATALOG_COMPILER_GLOBAL_ACCENT_COLOR_NAME = AccentColor;
				CODE_SIGN_STYLE = Automatic;
				CURRENT_PROJECT_VERSION = 1;
				DEVELOPMENT_TEAM = J6767NCB7S;
				GENERATE_INFOPLIST_FILE = YES;
				INFOPLIST_FILE = FoodOrderingApp/Info.plist;
				INFOPLIST_KEY_UIApplicationSupportsIndirectInputEvents = YES;
				INFOPLIST_KEY_UILaunchStoryboardName = LaunchScreen;
				INFOPLIST_KEY_UIMainStoryboardFile = Main;
				INFOPLIST_KEY_UISupportedInterfaceOrientations_iPad = "UIInterfaceOrientationPortrait UIInterfaceOrientationPortraitUpsideDown UIInterfaceOrientationLandscapeLeft UIInterfaceOrientationLandscapeRight";
				INFOPLIST_KEY_UISupportedInterfaceOrientations_iPhone = "UIInterfaceOrientationPortrait UIInterfaceOrientationLandscapeLeft UIInterfaceOrientationLandscapeRight";
				LD_RUNPATH_SEARCH_PATHS = (
					"$(inherited)",
					"@executable_path/Frameworks",
				);
				MARKETING_VERSION = 1.0;
				PRODUCT_BUNDLE_IDENTIFIER = com.serdaraltindas.FoodOrderingApp;
				PRODUCT_NAME = "$(TARGET_NAME)";
				SWIFT_EMIT_LOC_STRINGS = YES;
				SWIFT_VERSION = 5.0;
				TARGETED_DEVICE_FAMILY = "1,2";
			};
			name = Debug;
		};
		AE0D3DE32A124D7F00E0F63B /* Release */ = {
			isa = XCBuildConfiguration;
			buildSettings = {
				ASSETCATALOG_COMPILER_APPICON_NAME = AppIcon;
				ASSETCATALOG_COMPILER_GLOBAL_ACCENT_COLOR_NAME = AccentColor;
				CODE_SIGN_STYLE = Automatic;
				CURRENT_PROJECT_VERSION = 1;
				DEVELOPMENT_TEAM = J6767NCB7S;
				GENERATE_INFOPLIST_FILE = YES;
				INFOPLIST_FILE = FoodOrderingApp/Info.plist;
				INFOPLIST_KEY_UIApplicationSupportsIndirectInputEvents = YES;
				INFOPLIST_KEY_UILaunchStoryboardName = LaunchScreen;
				INFOPLIST_KEY_UIMainStoryboardFile = Main;
				INFOPLIST_KEY_UISupportedInterfaceOrientations_iPad = "UIInterfaceOrientationPortrait UIInterfaceOrientationPortraitUpsideDown UIInterfaceOrientationLandscapeLeft UIInterfaceOrientationLandscapeRight";
				INFOPLIST_KEY_UISupportedInterfaceOrientations_iPhone = "UIInterfaceOrientationPortrait UIInterfaceOrientationLandscapeLeft UIInterfaceOrientationLandscapeRight";
				LD_RUNPATH_SEARCH_PATHS = (
					"$(inherited)",
					"@executable_path/Frameworks",
				);
				MARKETING_VERSION = 1.0;
				PRODUCT_BUNDLE_IDENTIFIER = com.serdaraltindas.FoodOrderingApp;
				PRODUCT_NAME = "$(TARGET_NAME)";
				SWIFT_EMIT_LOC_STRINGS = YES;
				SWIFT_VERSION = 5.0;
				TARGETED_DEVICE_FAMILY = "1,2";
			};
			name = Release;
		};
/* End XCBuildConfiguration section */

/* Begin XCConfigurationList section */
		AE0D3DC82A124D7E00E0F63B /* Build configuration list for PBXProject "FoodOrderingApp" */ = {
			isa = XCConfigurationList;
			buildConfigurations = (
				AE0D3DDF2A124D7F00E0F63B /* Debug */,
				AE0D3DE02A124D7F00E0F63B /* Release */,
			);
			defaultConfigurationIsVisible = 0;
			defaultConfigurationName = Release;
		};
		AE0D3DE12A124D7F00E0F63B /* Build configuration list for PBXNativeTarget "FoodOrderingApp" */ = {
			isa = XCConfigurationList;
			buildConfigurations = (
				AE0D3DE22A124D7F00E0F63B /* Debug */,
				AE0D3DE32A124D7F00E0F63B /* Release */,
			);
			defaultConfigurationIsVisible = 0;
			defaultConfigurationName = Release;
		};
/* End XCConfigurationList section */

/* Begin XCRemoteSwiftPackageReference section */
		AE317A372A14F50400AB9915 /* XCRemoteSwiftPackageReference "Kingfisher" */ = {
			isa = XCRemoteSwiftPackageReference;
			repositoryURL = "https://github.com/onevcat/Kingfisher.git";
			requirement = {
				kind = upToNextMajorVersion;
				minimumVersion = 7.0.0;
			};
		};
/* End XCRemoteSwiftPackageReference section */

/* Begin XCSwiftPackageProductDependency section */
		AE317A382A14F50400AB9915 /* Kingfisher */ = {
			isa = XCSwiftPackageProductDependency;
			package = AE317A372A14F50400AB9915 /* XCRemoteSwiftPackageReference "Kingfisher" */;
			productName = Kingfisher;
		};
/* End XCSwiftPackageProductDependency section */
	};
	rootObject = AE0D3DC52A124D7E00E0F63B /* Project object */;
}
